
Microsoft Visual Studio Solution File, Format Version 12.00
# Visual Studio Version 17
VisualStudioVersion = 17.11.35327.3
MinimumVisualStudioVersion = 10.0.40219.1
Project("{FAE04EC0-301F-11D3-BF4B-00C04F79EFBC}") = "Shipment Details", "Shipment Details.csproj", "{00411FCB-41AD-48A9-9348-3A508D6CC3DF}"
EndProject
Global
	GlobalSection(SolutionConfigurationPlatforms) = preSolution
		Debug|Any CPU = Debug|Any CPU
		Release|Any CPU = Release|Any CPU
	EndGlobalSection
	GlobalSection(ProjectConfigurationPlatforms) = postSolution
		{00411FCB-41AD-48A9-9348-3A508D6CC3DF}.Debug|Any CPU.ActiveCfg = Debug|Any CPU
		{00411FCB-41AD-48A9-9348-3A508D6CC3DF}.Debug|Any CPU.Build.0 = Debug|Any CPU
		{00411FCB-41AD-48A9-9348-3A508D6CC3DF}.Release|Any CPU.ActiveCfg = Release|Any CPU
		{00411FCB-41AD-48A9-9348-3A508D6CC3DF}.Release|Any CPU.Build.0 = Release|Any CPU
	EndGlobalSection
	GlobalSection(SolutionProperties) = preSolution
		HideSolutionNode = FALSE
	EndGlobalSection
	GlobalSection(ExtensibilityGlobals) = postSolution
		SolutionGuid = {7078E95D-00CD-4031-A190-EB056ECC08E6}
	EndGlobalSection
EndGlobal
